// !$*UTF8*$!
{
	archiveVersion = 1;
	classes = {
	};
	objectVersion = 46;
	objects = {

/* Begin PBXBuildFile section */
		420318B31DC2EB1B008A825E /* AppDelegate.swift in Sources */ = {isa = PBXBuildFile; fileRef = 420318B21DC2EB1B008A825E /* AppDelegate.swift */; };
		420318B51DC2EB1B008A825E /* ViewController.swift in Sources */ = {isa = PBXBuildFile; fileRef = 420318B41DC2EB1B008A825E /* ViewController.swift */; };
		420318B81DC2EB1B008A825E /* Main.storyboard in Resources */ = {isa = PBXBuildFile; fileRef = 420318B61DC2EB1B008A825E /* Main.storyboard */; };
		420318BA1DC2EB1B008A825E /* Assets.xcassets in Resources */ = {isa = PBXBuildFile; fileRef = 420318B91DC2EB1B008A825E /* Assets.xcassets */; };
		420318BD1DC2EB1B008A825E /* LaunchScreen.storyboard in Resources */ = {isa = PBXBuildFile; fileRef = 420318BB1DC2EB1B008A825E /* LaunchScreen.storyboard */; };
/* End PBXBuildFile section */

/* Begin PBXFileReference section */
		420318AF1DC2EB1B008A825E /* ChatClient.app */ = {isa = PBXFileReference; explicitFileType = wrapper.application; includeInIndex = 0; path = ChatClient.app; sourceTree = BUILT_PRODUCTS_DIR; };
		420318B21DC2EB1B008A825E /* AppDelegate.swift */ = {isa = PBXFileReference; lastKnownFileType = sourcecode.swift; path = AppDelegate.swift; sourceTree = "<group>"; };
		420318B41DC2EB1B008A825E /* ViewController.swift */ = {isa = PBXFileReference; lastKnownFileType = sourcecode.swift; path = ViewController.swift; sourceTree = "<group>"; };
		420318B71DC2EB1B008A825E /* Base */ = {isa = PBXFileReference; lastKnownFileType = file.storyboard; name = Base; path = Base.lproj/Main.storyboard; sourceTree = "<group>"; };
		420318B91DC2EB1B008A825E /* Assets.xcassets */ = {isa = PBXFileReference; lastKnownFileType = folder.assetcatalog; path = Assets.xcassets; sourceTree = "<group>"; };
		420318BC1DC2EB1B008A825E /* Base */ = {isa = PBXFileReference; lastKnownFileType = file.storyboard; name = Base; path = Base.lproj/LaunchScreen.storyboard; sourceTree = "<group>"; };
		420318BE1DC2EB1B008A825E /* Info.plist */ = {isa = PBXFileReference; lastKnownFileType = text.plist.xml; path = Info.plist; sourceTree = "<group>"; };
/* End PBXFileReference section */

/* Begin PBXFrameworksBuildPhase section */
		420318AC1DC2EB1B008A825E /* Frameworks */ = {
			isa = PBXFrameworksBuildPhase;
			buildActionMask = 2147483647;
			files = (
			);
			runOnlyForDeploymentPostprocessing = 0;
		};
/* End PBXFrameworksBuildPhase section */

/* Begin PBXGroup section */
		420318A61DC2EB1B008A825E = {
			isa = PBXGroup;
			children = (
				420318B11DC2EB1B008A825E /* ChatClient */,
				420318B01DC2EB1B008A825E /* Products */,
			);
			sourceTree = "<group>";
		};
		420318B01DC2EB1B008A825E /* Products */ = {
			isa = PBXGroup;
			children = (
				420318AF1DC2EB1B008A825E /* ChatClient.app */,
			);
			name = Products;
			sourceTree = "<group>";
		};
		420318B11DC2EB1B008A825E /* ChatClient */ = {
			isa = PBXGroup;
			children = (
				420318B21DC2EB1B008A825E /* AppDelegate.swift */,
				420318B41DC2EB1B008A825E /* ViewController.swift */,
				420318B61DC2EB1B008A825E /* Main.storyboard */,
				420318B91DC2EB1B008A825E /* Assets.xcassets */,
				420318BB1DC2EB1B008A825E /* LaunchScreen.storyboard */,
				420318BE1DC2EB1B008A825E /* Info.plist */,
			);
			path = ChatClient;
			sourceTree = "<group>";
		};
/* End PBXGroup section */

/* Begin PBXNativeTarget section */
		420318AE1DC2EB1B008A825E /* ChatClient */ = {
			isa = PBXNativeTarget;
			buildConfigurationList = 420318C11DC2EB1B008A825E /* Build configuration list for PBXNativeTarget "ChatClient" */;
			buildPhases = (
				420318AB1DC2EB1B008A825E /* Sources */,
				420318AC1DC2EB1B008A825E /* Frameworks */,
				420318AD1DC2EB1B008A825E /* Resources */,
			);
			buildRules = (
			);
			dependencies = (
			);
			name = ChatClient;
			productName = ChatClient;
			productReference = 420318AF1DC2EB1B008A825E /* ChatClient.app */;
			productType = "com.apple.product-type.application";
		};
/* End PBXNativeTarget section */

/* Begin PBXProject section */
		420318A71DC2EB1B008A825E /* Project object */ = {
			isa = PBXProject;
			attributes = {
				LastSwiftUpdateCheck = 0800;
				LastUpgradeCheck = 0800;
				ORGANIZATIONNAME = JoshuaSara;
				TargetAttributes = {
					420318AE1DC2EB1B008A825E = {
						CreatedOnToolsVersion = 8.0;
						DevelopmentTeam = GFSP92A3FB;
						ProvisioningStyle = Automatic;
					};
				};
			};
			buildConfigurationList = 420318AA1DC2EB1B008A825E /* Build configuration list for PBXProject "ChatClient" */;
			compatibilityVersion = "Xcode 3.2";
			developmentRegion = English;
			hasScannedForEncodings = 0;
			knownRegions = (
				en,
				Base,
			);
			mainGroup = 420318A61DC2EB1B008A825E;
			productRefGroup = 420318B01DC2EB1B008A825E /* Products */;
			projectDirPath = "";
			projectRoot = "";
			targets = (
				420318AE1DC2EB1B008A825E /* ChatClient */,
			);
		};
/* End PBXProject section */

/* Begin PBXResourcesBuildPhase section */
		420318AD1DC2EB1B008A825E /* Resources */ = {
			isa = PBXResourcesBuildPhase;
			buildActionMask = 2147483647;
			files = (
				420318BD1DC2EB1B008A825E /* LaunchScreen.storyboard in Resources */,
				420318BA1DC2EB1B008A825E /* Assets.xcassets in Resources */,
				420318B81DC2EB1B008A825E /* Main.storyboard in Resources */,
			);
			runOnlyForDeploymentPostprocessing = 0;
		};
/* End PBXResourcesBuildPhase section */

/* Begin PBXSourcesBuildPhase section */
		420318AB1DC2EB1B008A825E /* Sources */ = {
			isa = PBXSourcesBuildPhase;
			buildActionMask = 2147483647;
			files = (
				420318B51DC2EB1B008A825E /* ViewController.swift in Sources */,
				420318B31DC2EB1B008A825E /* AppDelegate.swift in Sources */,
			);
			runOnlyForDeploymentPostprocessing = 0;
		};
/* End PBXSourcesBuildPhase section */

/* Begin PBXVariantGroup section */
		420318B61DC2EB1B008A825E /* Main.storyboard */ = {
			isa = PBXVariantGroup;
			children = (
				420318B71DC2EB1B008A825E /* Base */,
			);
			name = Main.storyboard;
			sourceTree = "<group>";
		};
		420318BB1DC2EB1B008A825E /* LaunchScreen.storyboard */ = {
			isa = PBXVariantGroup;
			children = (
				420318BC1DC2EB1B008A825E /* Base */,
			);
			name = LaunchScreen.storyboard;
			sourceTree = "<group>";
		};
/* End PBXVariantGroup section */

/* Begin XCBuildConfiguration section */
		420318BF1DC2EB1B008A825E /* Debug */ = {
			isa = XCBuildConfiguration;
			buildSettings = {
				ALWAYS_SEARCH_USER_PATHS = NO;
				CLANG_ANALYZER_NONNULL = YES;
				CLANG_CXX_LANGUAGE_STANDARD = "gnu++0x";
				CLANG_CXX_LIBRARY = "libc++";
				CLANG_ENABLE_MODULES = YES;
				CLANG_ENABLE_OBJC_ARC = YES;
				CLANG_WARN_BOOL_CONVERSION = YES;
				CLANG_WARN_CONSTANT_CONVERSION = YES;
				CLANG_WARN_DIRECT_OBJC_ISA_USAGE = YES_ERROR;
				CLANG_WARN_DOCUMENTATION_COMMENTS = YES;
				CLANG_WARN_EMPTY_BODY = YES;
				CLANG_WARN_ENUM_CONVERSION = YES;
				CLANG_WARN_INFINITE_RECURSION = YES;
				CLANG_WARN_INT_CONVERSION = YES;
				CLANG_WARN_OBJC_ROOT_CLASS = YES_ERROR;
				CLANG_WARN_SUSPICIOUS_MOVES = YES;
				CLANG_WARN_UNREACHABLE_CODE = YES;
				CLANG_WARN__DUPLICATE_METHOD_MATCH = YES;
				"CODE_SIGN_IDENTITY[sdk=iphoneos*]" = "iPhone Developer";
				COPY_PHASE_STRIP = NO;
				DEBUG_INFORMATION_FORMAT = dwarf;
				ENABLE_STRICT_OBJC_MSGSEND = YES;
				ENABLE_TESTABILITY = YES;
				GCC_C_LANGUAGE_STANDARD = gnu99;
				GCC_DYNAMIC_NO_PIC = NO;
				GCC_NO_COMMON_BLOCKS = YES;
				GCC_OPTIMIZATION_LEVEL = 0;
				GCC_PREPROCESSOR_DEFINITIONS = (
					"DEBUG=1",
					"$(inherited)",
				);
				GCC_WARN_64_TO_32_BIT_CONVERSION = YES;
				GCC_WARN_ABOUT_RETURN_TYPE = YES_ERROR;
				GCC_WARN_UNDECLARED_SELECTOR = YES;
				GCC_WARN_UNINITIALIZED_AUTOS = YES_AGGRESSIVE;
				GCC_WARN_UNUSED_FUNCTION = YES;
				GCC_WARN_UNUSED_VARIABLE = YES;
				IPHONEOS_DEPLOYMENT_TARGET = 10.0;
				MTL_ENABLE_DEBUG_INFO = YES;
				ONLY_ACTIVE_ARCH = YES;
				SDKROOT = iphoneos;
				SWIFT_ACTIVE_COMPILATION_CONDITIONS = DEBUG;
				SWIFT_OPTIMIZATION_LEVEL = "-Onone";
			};
			name = Debug;
		};
		420318C01DC2EB1B008A825E /* Release */ = {
			isa = XCBuildConfiguration;
			buildSettings = {
				ALWAYS_SEARCH_USER_PATHS = NO;
				CLANG_ANALYZER_NONNULL = YES;
				CLANG_CXX_LANGUAGE_STANDARD = "gnu++0x";
				CLANG_CXX_LIBRARY = "libc++";
				CLANG_ENABLE_MODULES = YES;
				CLANG_ENABLE_OBJC_ARC = YES;
				CLANG_WARN_BOOL_CONVERSION = YES;
				CLANG_WARN_CONSTANT_CONVERSION = YES;
				CLANG_WARN_DIRECT_OBJC_ISA_USAGE = YES_ERROR;
				CLANG_WARN_DOCUMENTATION_COMMENTS = YES;
				CLANG_WARN_EMPTY_BODY = YES;
				CLANG_WARN_ENUM_CONVERSION = YES;
				CLANG_WARN_INFINITE_RECURSION = YES;
				CLANG_WARN_INT_CONVERSION = YES;
				CLANG_WARN_OBJC_ROOT_CLASS = YES_ERROR;
				CLANG_WARN_SUSPICIOUS_MOVES = YES;
				CLANG_WARN_UNREACHABLE_CODE = YES;
				CLANG_WARN__DUPLICATE_METHOD_MATCH = YES;
				"CODE_SIGN_IDENTITY[sdk=iphoneos*]" = "iPhone Developer";
				COPY_PHASE_STRIP = NO;
				DEBUG_INFORMATION_FORMAT = "dwarf-with-dsym";
				ENABLE_NS_ASSERTIONS = NO;
				ENABLE_STRICT_OBJC_MSGSEND = YES;
				GCC_C_LANGUAGE_STANDARD = gnu99;
				GCC_NO_COMMON_BLOCKS = YES;
				GCC_WARN_64_TO_32_BIT_CONVERSION = YES;
				GCC_WARN_ABOUT_RETURN_TYPE = YES_ERROR;
				GCC_WARN_UNDECLARED_SELECTOR = YES;
				GCC_WARN_UNINITIALIZED_AUTOS = YES_AGGRESSIVE;
				GCC_WARN_UNUSED_FUNCTION = YES;
				GCC_WARN_UNUSED_VARIABLE = YES;
				IPHONEOS_DEPLOYMENT_TARGET = 10.0;
				MTL_ENABLE_DEBUG_INFO = NO;
				SDKROOT = iphoneos;
				SWIFT_OPTIMIZATION_LEVEL = "-Owholemodule";
				VALIDATE_PRODUCT = YES;
			};
			name = Release;
		};
		420318C21DC2EB1B008A825E /* Debug */ = {
			isa = XCBuildConfiguration;
			buildSettings = {
				ASSETCATALOG_COMPILER_APPICON_NAME = AppIcon;
				DEVELOPMENT_TEAM = GFSP92A3FB;
				INFOPLIST_FILE = ChatClient/Info.plist;
				LD_RUNPATH_SEARCH_PATHS = "$(inherited) @executable_path/Frameworks";
				PRODUCT_BUNDLE_IDENTIFIER = joshuaeSara.ChatClient;
				PRODUCT_NAME = "$(TARGET_NAME)";
				SWIFT_VERSION = 3.0;
			};
			name = Debug;
		};
		420318C31DC2EB1B008A825E /* Release */ = {
			isa = XCBuildConfiguration;
			buildSettings = {
				ASSETCATALOG_COMPILER_APPICON_NAME = AppIcon;
				DEVELOPMENT_TEAM = GFSP92A3FB;
				INFOPLIST_FILE = ChatClient/Info.plist;
				LD_RUNPATH_SEARCH_PATHS = "$(inherited) @executable_path/Frameworks";
				PRODUCT_BUNDLE_IDENTIFIER = joshuaeSara.ChatClient;
				PRODUCT_NAME = "$(TARGET_NAME)";
				SWIFT_VERSION = 3.0;
			};
			name = Release;
		};
/* End XCBuildConfiguration section */

/* Begin XCConfigurationList section */
		420318AA1DC2EB1B008A825E /* Build configuration list for PBXProject "ChatClient" */ = {
			isa = XCConfigurationList;
			buildConfigurations = (
				420318BF1DC2EB1B008A825E /* Debug */,
				420318C01DC2EB1B008A825E /* Release */,
			);
			defaultConfigurationIsVisible = 0;
			defaultConfigurationName = Release;
		};
		420318C11DC2EB1B008A825E /* Build configuration list for PBXNativeTarget "ChatClient" */ = {
			isa = XCConfigurationList;
			buildConfigurations = (
				420318C21DC2EB1B008A825E /* Debug */,
				420318C31DC2EB1B008A825E /* Release */,
			);
			defaultConfigurationIsVisible = 0;
		};
/* End XCConfigurationList section */
	};
	rootObject = 420318A71DC2EB1B008A825E /* Project object */;
}
